{
    "_meta": {
        "hash": {
            "sha256": "6041b0843b917426f6153ca172637e445a2398c1a91baccdc7b1db0c4d3396c3"
        },
        "requires": {},
        "sources": [
            {
                "url": "https://pypi.python.org/simple",
                "verify_ssl": true
            }
        ]
    },
    "default": {
        "coverage": {
            "version": "==4.4.1"
        },
        "falcon": {
            "version": "==1.2.0"
        },
        "gunicorn": {
            "version": "==19.7.1"
        },
        "py": {
            "version": "==1.4.34"
        },
        "pytest": {
            "version": "==3.1.2"
        },
        "python-mimeparse": {
            "version": "==1.6.0"
        },
        "setuptools": {
            "version": "==36.0.1"
        },
        "six": {
            "version": "==1.10.0"
        },
        "sqlalchemy": {
            "version": "==1.1.11"
        }
    },
    "develop": {}
}
